
Microsoft Visual Studio Solution File, Format Version 12.00
# Visual Studio Version 17
VisualStudioVersion = 17.14.36203.30
MinimumVisualStudioVersion = 10.0.40219.1
Project("{FAE04EC0-301F-11D3-BF4B-00C04F79EFBC}") = "CoopManagement", "CoopManagement\CoopManagement.csproj", "{D7EC424B-7435-4986-82D8-D254B7C57E52}"
EndProject
Global
	GlobalSection(SolutionConfigurationPlatforms) = preSolution
		Debug|Any CPU = Debug|Any CPU
		Release|Any CPU = Release|Any CPU
	EndGlobalSection
	GlobalSection(ProjectConfigurationPlatforms) = postSolution
		{D7EC424B-7435-4986-82D8-D254B7C57E52}.Debug|Any CPU.ActiveCfg = Debug|Any CPU
		{D7EC424B-7435-4986-82D8-D254B7C57E52}.Debug|Any CPU.Build.0 = Debug|Any CPU
		{D7EC424B-7435-4986-82D8-D254B7C57E52}.Release|Any CPU.ActiveCfg = Release|Any CPU
		{D7EC424B-7435-4986-82D8-D254B7C57E52}.Release|Any CPU.Build.0 = Release|Any CPU
	EndGlobalSection
	GlobalSection(SolutionProperties) = preSolution
		HideSolutionNode = FALSE
	EndGlobalSection
	GlobalSection(ExtensibilityGlobals) = postSolution
		SolutionGuid = {96155561-BC22-475F-B617-1A817F04D381}
	EndGlobalSection
EndGlobal
